
Microsoft Visual Studio Solution File, Format Version 12.00
# Visual Studio Version 17
VisualStudioVersion = 17.9.34728.123
MinimumVisualStudioVersion = 10.0.40219.1
Project("{FAE04EC0-301F-11D3-BF4B-00C04F79EFBC}") = "Laba №6", "Laba №6\Laba №6.csproj", "{25856A6F-A6BD-44EC-97ED-366853C32EAE}"
EndProject
Global
	GlobalSection(SolutionConfigurationPlatforms) = preSolution
		Debug|Any CPU = Debug|Any CPU
		Release|Any CPU = Release|Any CPU
	EndGlobalSection
	GlobalSection(ProjectConfigurationPlatforms) = postSolution
		{25856A6F-A6BD-44EC-97ED-366853C32EAE}.Debug|Any CPU.ActiveCfg = Debug|Any CPU
		{25856A6F-A6BD-44EC-97ED-366853C32EAE}.Debug|Any CPU.Build.0 = Debug|Any CPU
		{25856A6F-A6BD-44EC-97ED-366853C32EAE}.Release|Any CPU.ActiveCfg = Release|Any CPU
		{25856A6F-A6BD-44EC-97ED-366853C32EAE}.Release|Any CPU.Build.0 = Release|Any CPU
	EndGlobalSection
	GlobalSection(SolutionProperties) = preSolution
		HideSolutionNode = FALSE
	EndGlobalSection
	GlobalSection(ExtensibilityGlobals) = postSolution
		SolutionGuid = {83D561FE-55B5-456C-AA47-A010D0F6D4CC}
	EndGlobalSection
EndGlobal
